
Microsoft Visual Studio Solution File, Format Version 12.00
# Visual Studio 15
Project("{FAE04EC0-301F-11D3-BF4B-00C04F79EFBC}") = "Unity.Timeline", "Unity.Timeline.csproj", "{4FBF37E4-DAAA-B4AD-1153-933DCE55BBE6}"
EndProject
Project("{FAE04EC0-301F-11D3-BF4B-00C04F79EFBC}") = "Unity.Timeline.Editor", "Unity.Timeline.Editor.csproj", "{DD4B5269-EBF0-7247-57F2-54776814FF9B}"
EndProject
Project("{FAE04EC0-301F-11D3-BF4B-00C04F79EFBC}") = "Unity.TextMeshPro.Editor", "Unity.TextMeshPro.Editor.csproj", "{52BC75E6-CB57-B5B5-1211-3E0569557002}"
EndProject
Project("{FAE04EC0-301F-11D3-BF4B-00C04F79EFBC}") = "Unity.VisualScripting.Flow", "Unity.VisualScripting.Flow.csproj", "{B6C459D8-7A25-1541-E428-71D6A33BC68A}"
EndProject
Project("{FAE04EC0-301F-11D3-BF4B-00C04F79EFBC}") = "UnityEditor.UI", "UnityEditor.UI.csproj", "{B3C456A4-32B5-274B-3E04-D35F61631857}"
EndProject
Project("{FAE04EC0-301F-11D3-BF4B-00C04F79EFBC}") = "Unity.PlasticSCM.Editor", "Unity.PlasticSCM.Editor.csproj", "{E0D954CF-439E-75DE-8FD3-4486DEF84595}"
EndProject
Project("{FAE04EC0-301F-11D3-BF4B-00C04F79EFBC}") = "Unity.AdaptivePerformance", "Unity.AdaptivePerformance.csproj", "{760B2070-14D4-7A6D-88EB-3A6C271762E3}"
EndProject
Project("{FAE04EC0-301F-11D3-BF4B-00C04F79EFBC}") = "Unity.VisualScripting.Core", "Unity.VisualScripting.Core.csproj", "{D950350D-8B53-C98C-D81B-40E17BD45BEE}"
EndProject
Project("{FAE04EC0-301F-11D3-BF4B-00C04F79EFBC}") = "Unity.VisualScripting.Core.Editor", "Unity.VisualScripting.Core.Editor.csproj", "{CE8B7907-0D43-1CD0-A5F3-CF31AE5292AD}"
EndProject
Project("{FAE04EC0-301F-11D3-BF4B-00C04F79EFBC}") = "Assembly-CSharp", "Assembly-CSharp.csproj", "{31283226-89FE-0A70-03FD-F3850D9604CC}"
EndProject
Project("{FAE04EC0-301F-11D3-BF4B-00C04F79EFBC}") = "Unity.VisualScripting.Flow.Editor", "Unity.VisualScripting.Flow.Editor.csproj", "{6FA34762-61B6-9A4F-6110-4161D8154759}"
EndProject
Project("{FAE04EC0-301F-11D3-BF4B-00C04F79EFBC}") = "UnityEditor.TestRunner", "UnityEditor.TestRunner.csproj", "{1F80DF6D-D94F-9211-E8B3-5E53022C30B4}"
EndProject
Project("{FAE04EC0-301F-11D3-BF4B-00C04F79EFBC}") = "Unity.VisualScripting.SettingsProvider.Editor", "Unity.VisualScripting.SettingsProvider.Editor.csproj", "{CBF92120-5E60-6083-9FC6-87C75EB6059B}"
EndProject
Project("{FAE04EC0-301F-11D3-BF4B-00C04F79EFBC}") = "UnityEngine.TestRunner", "UnityEngine.TestRunner.csproj", "{45B06E8A-133E-25D7-C02C-76CB8F12AA25}"
EndProject
Project("{FAE04EC0-301F-11D3-BF4B-00C04F79EFBC}") = "UnityEngine.UI", "UnityEngine.UI.csproj", "{E12F9D65-651C-2E8D-08C3-21C8450DAD1F}"
EndProject
Project("{FAE04EC0-301F-11D3-BF4B-00C04F79EFBC}") = "BNGNodeEditor", "BNGNodeEditor.csproj", "{10B5E6DF-32A4-E2C5-ED89-C3E88B2E2F9C}"
EndProject
Project("{FAE04EC0-301F-11D3-BF4B-00C04F79EFBC}") = "Unity.VisualStudio.Editor", "Unity.VisualStudio.Editor.csproj", "{60566C40-C0FE-58F6-9620-18FD0ADB5EF7}"
EndProject
Project("{FAE04EC0-301F-11D3-BF4B-00C04F79EFBC}") = "Unity.AdaptivePerformance.Simulator.VRR.Extension", "Unity.AdaptivePerformance.Simulator.VRR.Extension.csproj", "{D98B77C1-C3FF-F4CB-5F98-A2DD666FD3D3}"
EndProject
Project("{FAE04EC0-301F-11D3-BF4B-00C04F79EFBC}") = "Unity.TestTools.CodeCoverage.Editor.OpenCover.Model", "Unity.TestTools.CodeCoverage.Editor.OpenCover.Model.csproj", "{BF6E5EEE-617A-F584-A359-6C4C9E73B68C}"
EndProject
Project("{FAE04EC0-301F-11D3-BF4B-00C04F79EFBC}") = "Unity.Rider.Editor", "Unity.Rider.Editor.csproj", "{43F0417F-157B-4AE8-2517-9B084A0985E8}"
EndProject
Project("{FAE04EC0-301F-11D3-BF4B-00C04F79EFBC}") = "Unity.VisualScripting.State.Editor", "Unity.VisualScripting.State.Editor.csproj", "{C1D92B87-9793-94D1-B5AF-0EA035AD8813}"
EndProject
Project("{FAE04EC0-301F-11D3-BF4B-00C04F79EFBC}") = "Unity.TestTools.CodeCoverage.Editor", "Unity.TestTools.CodeCoverage.Editor.csproj", "{CD71CDC7-5849-0572-1883-3803FAB39A12}"
EndProject
Project("{FAE04EC0-301F-11D3-BF4B-00C04F79EFBC}") = "Unity.VisualScripting.State", "Unity.VisualScripting.State.csproj", "{6AE6404B-A72A-DD68-1CBE-1F241DE30FB0}"
EndProject
Project("{FAE04EC0-301F-11D3-BF4B-00C04F79EFBC}") = "Unity.TextMeshPro", "Unity.TextMeshPro.csproj", "{AD56BE5F-5837-F84F-0D58-3F2B85CBAD98}"
EndProject
Project("{FAE04EC0-301F-11D3-BF4B-00C04F79EFBC}") = "Unity.Performance.Profile-Analyzer.Editor", "Unity.Performance.Profile-Analyzer.Editor.csproj", "{20F8F7A1-E267-186A-2C7D-970D55921421}"
EndProject
Project("{FAE04EC0-301F-11D3-BF4B-00C04F79EFBC}") = "Unity.AdaptivePerformance.Editor", "Unity.AdaptivePerformance.Editor.csproj", "{DB39A5DA-3D8B-9CCD-EBB4-7419258B62D1}"
EndProject
Project("{FAE04EC0-301F-11D3-BF4B-00C04F79EFBC}") = "Unity.VSCode.Editor", "Unity.VSCode.Editor.csproj", "{0326A3CF-7ADD-DCCE-A659-7CAC6339F4D6}"
EndProject
Project("{FAE04EC0-301F-11D3-BF4B-00C04F79EFBC}") = "Unity.TestTools.CodeCoverage.Editor.OpenCover.Mono.Reflection", "Unity.TestTools.CodeCoverage.Editor.OpenCover.Mono.Reflection.csproj", "{6F82A6E6-D244-8CDB-6541-BE7FCCD72A14}"
EndProject
Project("{FAE04EC0-301F-11D3-BF4B-00C04F79EFBC}") = "Unity.AdaptivePerformance.Profiler.Editor", "Unity.AdaptivePerformance.Profiler.Editor.csproj", "{123153C1-7B1E-B5A3-1430-1C75A6A92598}"
EndProject
Project("{FAE04EC0-301F-11D3-BF4B-00C04F79EFBC}") = "Unity.Settings.Editor", "Unity.Settings.Editor.csproj", "{9779CF41-D0BF-8606-52F9-831555BDB2C7}"
EndProject
Project("{FAE04EC0-301F-11D3-BF4B-00C04F79EFBC}") = "Unity.AdaptivePerformance.UI.Editor", "Unity.AdaptivePerformance.UI.Editor.csproj", "{6F55132A-7FEE-E2D8-4D31-EF8AFABE47B3}"
EndProject
Project("{FAE04EC0-301F-11D3-BF4B-00C04F79EFBC}") = "BNGNode", "BNGNode.csproj", "{0571A99E-08D5-85A2-621E-27B30E52E8CF}"
EndProject
Project("{FAE04EC0-301F-11D3-BF4B-00C04F79EFBC}") = "Unity.AdaptivePerformance.Simulator.Extension", "Unity.AdaptivePerformance.Simulator.Extension.csproj", "{BE9BDFEF-5ABA-57D8-1E45-31B728CC79D3}"
EndProject
Project("{FAE04EC0-301F-11D3-BF4B-00C04F79EFBC}") = "Unity.Profiling.Core", "Unity.Profiling.Core.csproj", "{D9CB7E78-913D-F5B6-0E6D-8C595814EADD}"
EndProject
Project("{FAE04EC0-301F-11D3-BF4B-00C04F79EFBC}") = "Unity.AdaptivePerformance.Samsung.Android", "Unity.AdaptivePerformance.Samsung.Android.csproj", "{FD794071-0A7E-2F16-40C2-C353F61728A1}"
EndProject
Project("{FAE04EC0-301F-11D3-BF4B-00C04F79EFBC}") = "Unity.EditorCoroutines.Editor", "Unity.EditorCoroutines.Editor.csproj", "{623F7AF7-9E5B-66BA-26D2-C023B262A5DC}"
EndProject
Project("{FAE04EC0-301F-11D3-BF4B-00C04F79EFBC}") = "Unity.AdaptivePerformance.Simulator.Editor", "Unity.AdaptivePerformance.Simulator.Editor.csproj", "{FFEE856E-FB69-36BF-BC5B-A13993A29875}"
EndProject
Project("{FAE04EC0-301F-11D3-BF4B-00C04F79EFBC}") = "Unity.AdaptivePerformance.Samsung.Android.Editor", "Unity.AdaptivePerformance.Samsung.Android.Editor.csproj", "{7395AE13-BCC2-8649-2E3F-A6A5B71BAD17}"
EndProject
Project("{FAE04EC0-301F-11D3-BF4B-00C04F79EFBC}") = "Unity.VisualScripting.Shared.Editor", "Unity.VisualScripting.Shared.Editor.csproj", "{28629E6C-5C2C-844A-B952-A006C0CA389F}"
EndProject
Project("{FAE04EC0-301F-11D3-BF4B-00C04F79EFBC}") = "Unity.CollabProxy.Editor", "Unity.CollabProxy.Editor.csproj", "{F458FD86-AEC4-A0CF-7B5D-EB342C74098C}"
EndProject
Project("{FAE04EC0-301F-11D3-BF4B-00C04F79EFBC}") = "Unity.Timeline", "Unity.Timeline.Player.csproj", "{EF0C5789-8A1C-02A6-001E-092F52A4DE0A}"
EndProject
Project("{FAE04EC0-301F-11D3-BF4B-00C04F79EFBC}") = "Unity.VisualScripting.Flow", "Unity.VisualScripting.Flow.Player.csproj", "{76CF8FA1-3AEA-64D3-8AA4-61B2E1F0DEC7}"
EndProject
Project("{FAE04EC0-301F-11D3-BF4B-00C04F79EFBC}") = "Unity.AdaptivePerformance", "Unity.AdaptivePerformance.Player.csproj", "{BF54E9AD-18CA-90D3-FF6B-F62CEC9F6922}"
EndProject
Project("{FAE04EC0-301F-11D3-BF4B-00C04F79EFBC}") = "Unity.VisualScripting.Core", "Unity.VisualScripting.Core.Player.csproj", "{DC954778-98B0-356A-4A9F-80B398B71058}"
EndProject
Project("{FAE04EC0-301F-11D3-BF4B-00C04F79EFBC}") = "Assembly-CSharp", "Assembly-CSharp.Player.csproj", "{69BDAE08-D191-6846-091E-284E97D310AD}"
EndProject
Project("{FAE04EC0-301F-11D3-BF4B-00C04F79EFBC}") = "UnityEngine.TestRunner", "UnityEngine.TestRunner.Player.csproj", "{0BA8436A-21E8-535D-CCAE-3FE1BFCD49A8}"
EndProject
Project("{FAE04EC0-301F-11D3-BF4B-00C04F79EFBC}") = "UnityEngine.UI", "UnityEngine.UI.Player.csproj", "{9578D867-0F99-8C5F-EF04-1C8F83D5540D}"
EndProject
Project("{FAE04EC0-301F-11D3-BF4B-00C04F79EFBC}") = "Unity.VisualScripting.State", "Unity.VisualScripting.State.Player.csproj", "{7B98A2C4-ECA2-3DDA-6A82-514DA9A727EA}"
EndProject
Project("{FAE04EC0-301F-11D3-BF4B-00C04F79EFBC}") = "Unity.TextMeshPro", "Unity.TextMeshPro.Player.csproj", "{7454DAF1-0EA2-35C3-CB39-A915BCB0B5C9}"
EndProject
Project("{FAE04EC0-301F-11D3-BF4B-00C04F79EFBC}") = "BNGNode", "BNGNode.Player.csproj", "{91BC3CE0-9637-EBB3-F03A-E30001280910}"
EndProject
Project("{FAE04EC0-301F-11D3-BF4B-00C04F79EFBC}") = "Unity.Profiling.Core", "Unity.Profiling.Core.Player.csproj", "{6F0BDD56-DCB1-50C6-D198-343D71CD11A4}"
EndProject
Project("{FAE04EC0-301F-11D3-BF4B-00C04F79EFBC}") = "Unity.AdaptivePerformance.Samsung.Android", "Unity.AdaptivePerformance.Samsung.Android.Player.csproj", "{BCF37670-9BF4-9E5A-BA8E-58E98F56993C}"
EndProject
Global
	GlobalSection(SolutionConfigurationPlatforms) = preSolution
		Debug|Any CPU = Debug|Any CPU
		Release|Any CPU = Release|Any CPU
	EndGlobalSection
	GlobalSection(ProjectConfigurationPlatforms) = postSolution
		{4FBF37E4-DAAA-B4AD-1153-933DCE55BBE6}.Debug|Any CPU.ActiveCfg = Debug|Any CPU
		{4FBF37E4-DAAA-B4AD-1153-933DCE55BBE6}.Debug|Any CPU.Build.0 = Debug|Any CPU
		{4FBF37E4-DAAA-B4AD-1153-933DCE55BBE6}.Release|Any CPU.ActiveCfg = Release|Any CPU
		{4FBF37E4-DAAA-B4AD-1153-933DCE55BBE6}.Release|Any CPU.Build.0 = Release|Any CPU
		{DD4B5269-EBF0-7247-57F2-54776814FF9B}.Debug|Any CPU.ActiveCfg = Debug|Any CPU
		{DD4B5269-EBF0-7247-57F2-54776814FF9B}.Debug|Any CPU.Build.0 = Debug|Any CPU
		{DD4B5269-EBF0-7247-57F2-54776814FF9B}.Release|Any CPU.ActiveCfg = Release|Any CPU
		{DD4B5269-EBF0-7247-57F2-54776814FF9B}.Release|Any CPU.Build.0 = Release|Any CPU
		{52BC75E6-CB57-B5B5-1211-3E0569557002}.Debug|Any CPU.ActiveCfg = Debug|Any CPU
		{52BC75E6-CB57-B5B5-1211-3E0569557002}.Debug|Any CPU.Build.0 = Debug|Any CPU
		{52BC75E6-CB57-B5B5-1211-3E0569557002}.Release|Any CPU.ActiveCfg = Release|Any CPU
		{52BC75E6-CB57-B5B5-1211-3E0569557002}.Release|Any CPU.Build.0 = Release|Any CPU
		{B6C459D8-7A25-1541-E428-71D6A33BC68A}.Debug|Any CPU.ActiveCfg = Debug|Any CPU
		{B6C459D8-7A25-1541-E428-71D6A33BC68A}.Debug|Any CPU.Build.0 = Debug|Any CPU
		{B6C459D8-7A25-1541-E428-71D6A33BC68A}.Release|Any CPU.ActiveCfg = Release|Any CPU
		{B6C459D8-7A25-1541-E428-71D6A33BC68A}.Release|Any CPU.Build.0 = Release|Any CPU
		{B3C456A4-32B5-274B-3E04-D35F61631857}.Debug|Any CPU.ActiveCfg = Debug|Any CPU
		{B3C456A4-32B5-274B-3E04-D35F61631857}.Debug|Any CPU.Build.0 = Debug|Any CPU
		{B3C456A4-32B5-274B-3E04-D35F61631857}.Release|Any CPU.ActiveCfg = Release|Any CPU
		{B3C456A4-32B5-274B-3E04-D35F61631857}.Release|Any CPU.Build.0 = Release|Any CPU
		{E0D954CF-439E-75DE-8FD3-4486DEF84595}.Debug|Any CPU.ActiveCfg = Debug|Any CPU
		{E0D954CF-439E-75DE-8FD3-4486DEF84595}.Debug|Any CPU.Build.0 = Debug|Any CPU
		{E0D954CF-439E-75DE-8FD3-4486DEF84595}.Release|Any CPU.ActiveCfg = Release|Any CPU
		{E0D954CF-439E-75DE-8FD3-4486DEF84595}.Release|Any CPU.Build.0 = Release|Any CPU
		{760B2070-14D4-7A6D-88EB-3A6C271762E3}.Debug|Any CPU.ActiveCfg = Debug|Any CPU
		{760B2070-14D4-7A6D-88EB-3A6C271762E3}.Debug|Any CPU.Build.0 = Debug|Any CPU
		{760B2070-14D4-7A6D-88EB-3A6C271762E3}.Release|Any CPU.ActiveCfg = Release|Any CPU
		{760B2070-14D4-7A6D-88EB-3A6C271762E3}.Release|Any CPU.Build.0 = Release|Any CPU
		{D950350D-8B53-C98C-D81B-40E17BD45BEE}.Debug|Any CPU.ActiveCfg = Debug|Any CPU
		{D950350D-8B53-C98C-D81B-40E17BD45BEE}.Debug|Any CPU.Build.0 = Debug|Any CPU
		{D950350D-8B53-C98C-D81B-40E17BD45BEE}.Release|Any CPU.ActiveCfg = Release|Any CPU
		{D950350D-8B53-C98C-D81B-40E17BD45BEE}.Release|Any CPU.Build.0 = Release|Any CPU
		{CE8B7907-0D43-1CD0-A5F3-CF31AE5292AD}.Debug|Any CPU.ActiveCfg = Debug|Any CPU
		{CE8B7907-0D43-1CD0-A5F3-CF31AE5292AD}.Debug|Any CPU.Build.0 = Debug|Any CPU
		{CE8B7907-0D43-1CD0-A5F3-CF31AE5292AD}.Release|Any CPU.ActiveCfg = Release|Any CPU
		{CE8B7907-0D43-1CD0-A5F3-CF31AE5292AD}.Release|Any CPU.Build.0 = Release|Any CPU
		{31283226-89FE-0A70-03FD-F3850D9604CC}.Debug|Any CPU.ActiveCfg = Debug|Any CPU
		{31283226-89FE-0A70-03FD-F3850D9604CC}.Debug|Any CPU.Build.0 = Debug|Any CPU
		{31283226-89FE-0A70-03FD-F3850D9604CC}.Release|Any CPU.ActiveCfg = Release|Any CPU
		{31283226-89FE-0A70-03FD-F3850D9604CC}.Release|Any CPU.Build.0 = Release|Any CPU
		{6FA34762-61B6-9A4F-6110-4161D8154759}.Debug|Any CPU.ActiveCfg = Debug|Any CPU
		{6FA34762-61B6-9A4F-6110-4161D8154759}.Debug|Any CPU.Build.0 = Debug|Any CPU
		{6FA34762-61B6-9A4F-6110-4161D8154759}.Release|Any CPU.ActiveCfg = Release|Any CPU
		{6FA34762-61B6-9A4F-6110-4161D8154759}.Release|Any CPU.Build.0 = Release|Any CPU
		{1F80DF6D-D94F-9211-E8B3-5E53022C30B4}.Debug|Any CPU.ActiveCfg = Debug|Any CPU
		{1F80DF6D-D94F-9211-E8B3-5E53022C30B4}.Debug|Any CPU.Build.0 = Debug|Any CPU
		{1F80DF6D-D94F-9211-E8B3-5E53022C30B4}.Release|Any CPU.ActiveCfg = Release|Any CPU
		{1F80DF6D-D94F-9211-E8B3-5E53022C30B4}.Release|Any CPU.Build.0 = Release|Any CPU
		{CBF92120-5E60-6083-9FC6-87C75EB6059B}.Debug|Any CPU.ActiveCfg = Debug|Any CPU
		{CBF92120-5E60-6083-9FC6-87C75EB6059B}.Debug|Any CPU.Build.0 = Debug|Any CPU
		{CBF92120-5E60-6083-9FC6-87C75EB6059B}.Release|Any CPU.ActiveCfg = Release|Any CPU
		{CBF92120-5E60-6083-9FC6-87C75EB6059B}.Release|Any CPU.Build.0 = Release|Any CPU
		{45B06E8A-133E-25D7-C02C-76CB8F12AA25}.Debug|Any CPU.ActiveCfg = Debug|Any CPU
		{45B06E8A-133E-25D7-C02C-76CB8F12AA25}.Debug|Any CPU.Build.0 = Debug|Any CPU
		{45B06E8A-133E-25D7-C02C-76CB8F12AA25}.Release|Any CPU.ActiveCfg = Release|Any CPU
		{45B06E8A-133E-25D7-C02C-76CB8F12AA25}.Release|Any CPU.Build.0 = Release|Any CPU
		{E12F9D65-651C-2E8D-08C3-21C8450DAD1F}.Debug|Any CPU.ActiveCfg = Debug|Any CPU
		{E12F9D65-651C-2E8D-08C3-21C8450DAD1F}.Debug|Any CPU.Build.0 = Debug|Any CPU
		{E12F9D65-651C-2E8D-08C3-21C8450DAD1F}.Release|Any CPU.ActiveCfg = Release|Any CPU
		{E12F9D65-651C-2E8D-08C3-21C8450DAD1F}.Release|Any CPU.Build.0 = Release|Any CPU
		{10B5E6DF-32A4-E2C5-ED89-C3E88B2E2F9C}.Debug|Any CPU.ActiveCfg = Debug|Any CPU
		{10B5E6DF-32A4-E2C5-ED89-C3E88B2E2F9C}.Debug|Any CPU.Build.0 = Debug|Any CPU
		{10B5E6DF-32A4-E2C5-ED89-C3E88B2E2F9C}.Release|Any CPU.ActiveCfg = Release|Any CPU
		{10B5E6DF-32A4-E2C5-ED89-C3E88B2E2F9C}.Release|Any CPU.Build.0 = Release|Any CPU
		{60566C40-C0FE-58F6-9620-18FD0ADB5EF7}.Debug|Any CPU.ActiveCfg = Debug|Any CPU
		{60566C40-C0FE-58F6-9620-18FD0ADB5EF7}.Debug|Any CPU.Build.0 = Debug|Any CPU
		{60566C40-C0FE-58F6-9620-18FD0ADB5EF7}.Release|Any CPU.ActiveCfg = Release|Any CPU
		{60566C40-C0FE-58F6-9620-18FD0ADB5EF7}.Release|Any CPU.Build.0 = Release|Any CPU
		{D98B77C1-C3FF-F4CB-5F98-A2DD666FD3D3}.Debug|Any CPU.ActiveCfg = Debug|Any CPU
		{D98B77C1-C3FF-F4CB-5F98-A2DD666FD3D3}.Debug|Any CPU.Build.0 = Debug|Any CPU
		{D98B77C1-C3FF-F4CB-5F98-A2DD666FD3D3}.Release|Any CPU.ActiveCfg = Release|Any CPU
		{D98B77C1-C3FF-F4CB-5F98-A2DD666FD3D3}.Release|Any CPU.Build.0 = Release|Any CPU
		{BF6E5EEE-617A-F584-A359-6C4C9E73B68C}.Debug|Any CPU.ActiveCfg = Debug|Any CPU
		{BF6E5EEE-617A-F584-A359-6C4C9E73B68C}.Debug|Any CPU.Build.0 = Debug|Any CPU
		{BF6E5EEE-617A-F584-A359-6C4C9E73B68C}.Release|Any CPU.ActiveCfg = Release|Any CPU
		{BF6E5EEE-617A-F584-A359-6C4C9E73B68C}.Release|Any CPU.Build.0 = Release|Any CPU
		{43F0417F-157B-4AE8-2517-9B084A0985E8}.Debug|Any CPU.ActiveCfg = Debug|Any CPU
		{43F0417F-157B-4AE8-2517-9B084A0985E8}.Debug|Any CPU.Build.0 = Debug|Any CPU
		{43F0417F-157B-4AE8-2517-9B084A0985E8}.Release|Any CPU.ActiveCfg = Release|Any CPU
		{43F0417F-157B-4AE8-2517-9B084A0985E8}.Release|Any CPU.Build.0 = Release|Any CPU
		{C1D92B87-9793-94D1-B5AF-0EA035AD8813}.Debug|Any CPU.ActiveCfg = Debug|Any CPU
		{C1D92B87-9793-94D1-B5AF-0EA035AD8813}.Debug|Any CPU.Build.0 = Debug|Any CPU
		{C1D92B87-9793-94D1-B5AF-0EA035AD8813}.Release|Any CPU.ActiveCfg = Release|Any CPU
		{C1D92B87-9793-94D1-B5AF-0EA035AD8813}.Release|Any CPU.Build.0 = Release|Any CPU
		{CD71CDC7-5849-0572-1883-3803FAB39A12}.Debug|Any CPU.ActiveCfg = Debug|Any CPU
		{CD71CDC7-5849-0572-1883-3803FAB39A12}.Debug|Any CPU.Build.0 = Debug|Any CPU
		{CD71CDC7-5849-0572-1883-3803FAB39A12}.Release|Any CPU.ActiveCfg = Release|Any CPU
		{CD71CDC7-5849-0572-1883-3803FAB39A12}.Release|Any CPU.Build.0 = Release|Any CPU
		{6AE6404B-A72A-DD68-1CBE-1F241DE30FB0}.Debug|Any CPU.ActiveCfg = Debug|Any CPU
		{6AE6404B-A72A-DD68-1CBE-1F241DE30FB0}.Debug|Any CPU.Build.0 = Debug|Any CPU
		{6AE6404B-A72A-DD68-1CBE-1F241DE30FB0}.Release|Any CPU.ActiveCfg = Release|Any CPU
		{6AE6404B-A72A-DD68-1CBE-1F241DE30FB0}.Release|Any CPU.Build.0 = Release|Any CPU
		{AD56BE5F-5837-F84F-0D58-3F2B85CBAD98}.Debug|Any CPU.ActiveCfg = Debug|Any CPU
		{AD56BE5F-5837-F84F-0D58-3F2B85CBAD98}.Debug|Any CPU.Build.0 = Debug|Any CPU
		{AD56BE5F-5837-F84F-0D58-3F2B85CBAD98}.Release|Any CPU.ActiveCfg = Release|Any CPU
		{AD56BE5F-5837-F84F-0D58-3F2B85CBAD98}.Release|Any CPU.Build.0 = Release|Any CPU
		{20F8F7A1-E267-186A-2C7D-970D55921421}.Debug|Any CPU.ActiveCfg = Debug|Any CPU
		{20F8F7A1-E267-186A-2C7D-970D55921421}.Debug|Any CPU.Build.0 = Debug|Any CPU
		{20F8F7A1-E267-186A-2C7D-970D55921421}.Release|Any CPU.ActiveCfg = Release|Any CPU
		{20F8F7A1-E267-186A-2C7D-970D55921421}.Release|Any CPU.Build.0 = Release|Any CPU
		{DB39A5DA-3D8B-9CCD-EBB4-7419258B62D1}.Debug|Any CPU.ActiveCfg = Debug|Any CPU
		{DB39A5DA-3D8B-9CCD-EBB4-7419258B62D1}.Debug|Any CPU.Build.0 = Debug|Any CPU
		{DB39A5DA-3D8B-9CCD-EBB4-7419258B62D1}.Release|Any CPU.ActiveCfg = Release|Any CPU
		{DB39A5DA-3D8B-9CCD-EBB4-7419258B62D1}.Release|Any CPU.Build.0 = Release|Any CPU
		{0326A3CF-7ADD-DCCE-A659-7CAC6339F4D6}.Debug|Any CPU.ActiveCfg = Debug|Any CPU
		{0326A3CF-7ADD-DCCE-A659-7CAC6339F4D6}.Debug|Any CPU.Build.0 = Debug|Any CPU
		{0326A3CF-7ADD-DCCE-A659-7CAC6339F4D6}.Release|Any CPU.ActiveCfg = Release|Any CPU
		{0326A3CF-7ADD-DCCE-A659-7CAC6339F4D6}.Release|Any CPU.Build.0 = Release|Any CPU
		{6F82A6E6-D244-8CDB-6541-BE7FCCD72A14}.Debug|Any CPU.ActiveCfg = Debug|Any CPU
		{6F82A6E6-D244-8CDB-6541-BE7FCCD72A14}.Debug|Any CPU.Build.0 = Debug|Any CPU
		{6F82A6E6-D244-8CDB-6541-BE7FCCD72A14}.Release|Any CPU.ActiveCfg = Release|Any CPU
		{6F82A6E6-D244-8CDB-6541-BE7FCCD72A14}.Release|Any CPU.Build.0 = Release|Any CPU
		{123153C1-7B1E-B5A3-1430-1C75A6A92598}.Debug|Any CPU.ActiveCfg = Debug|Any CPU
		{123153C1-7B1E-B5A3-1430-1C75A6A92598}.Debug|Any CPU.Build.0 = Debug|Any CPU
		{123153C1-7B1E-B5A3-1430-1C75A6A92598}.Release|Any CPU.ActiveCfg = Release|Any CPU
		{123153C1-7B1E-B5A3-1430-1C75A6A92598}.Release|Any CPU.Build.0 = Release|Any CPU
		{9779CF41-D0BF-8606-52F9-831555BDB2C7}.Debug|Any CPU.ActiveCfg = Debug|Any CPU
		{9779CF41-D0BF-8606-52F9-831555BDB2C7}.Debug|Any CPU.Build.0 = Debug|Any CPU
		{9779CF41-D0BF-8606-52F9-831555BDB2C7}.Release|Any CPU.ActiveCfg = Release|Any CPU
		{9779CF41-D0BF-8606-52F9-831555BDB2C7}.Release|Any CPU.Build.0 = Release|Any CPU
		{6F55132A-7FEE-E2D8-4D31-EF8AFABE47B3}.Debug|Any CPU.ActiveCfg = Debug|Any CPU
		{6F55132A-7FEE-E2D8-4D31-EF8AFABE47B3}.Debug|Any CPU.Build.0 = Debug|Any CPU
		{6F55132A-7FEE-E2D8-4D31-EF8AFABE47B3}.Release|Any CPU.ActiveCfg = Release|Any CPU
		{6F55132A-7FEE-E2D8-4D31-EF8AFABE47B3}.Release|Any CPU.Build.0 = Release|Any CPU
		{0571A99E-08D5-85A2-621E-27B30E52E8CF}.Debug|Any CPU.ActiveCfg = Debug|Any CPU
		{0571A99E-08D5-85A2-621E-27B30E52E8CF}.Debug|Any CPU.Build.0 = Debug|Any CPU
		{0571A99E-08D5-85A2-621E-27B30E52E8CF}.Release|Any CPU.ActiveCfg = Release|Any CPU
		{0571A99E-08D5-85A2-621E-27B30E52E8CF}.Release|Any CPU.Build.0 = Release|Any CPU
		{BE9BDFEF-5ABA-57D8-1E45-31B728CC79D3}.Debug|Any CPU.ActiveCfg = Debug|Any CPU
		{BE9BDFEF-5ABA-57D8-1E45-31B728CC79D3}.Debug|Any CPU.Build.0 = Debug|Any CPU
		{BE9BDFEF-5ABA-57D8-1E45-31B728CC79D3}.Release|Any CPU.ActiveCfg = Release|Any CPU
		{BE9BDFEF-5ABA-57D8-1E45-31B728CC79D3}.Release|Any CPU.Build.0 = Release|Any CPU
		{D9CB7E78-913D-F5B6-0E6D-8C595814EADD}.Debug|Any CPU.ActiveCfg = Debug|Any CPU
		{D9CB7E78-913D-F5B6-0E6D-8C595814EADD}.Debug|Any CPU.Build.0 = Debug|Any CPU
		{D9CB7E78-913D-F5B6-0E6D-8C595814EADD}.Release|Any CPU.ActiveCfg = Release|Any CPU
		{D9CB7E78-913D-F5B6-0E6D-8C595814EADD}.Release|Any CPU.Build.0 = Release|Any CPU
		{FD794071-0A7E-2F16-40C2-C353F61728A1}.Debug|Any CPU.ActiveCfg = Debug|Any CPU
		{FD794071-0A7E-2F16-40C2-C353F61728A1}.Debug|Any CPU.Build.0 = Debug|Any CPU
		{FD794071-0A7E-2F16-40C2-C353F61728A1}.Release|Any CPU.ActiveCfg = Release|Any CPU
		{FD794071-0A7E-2F16-40C2-C353F61728A1}.Release|Any CPU.Build.0 = Release|Any CPU
		{623F7AF7-9E5B-66BA-26D2-C023B262A5DC}.Debug|Any CPU.ActiveCfg = Debug|Any CPU
		{623F7AF7-9E5B-66BA-26D2-C023B262A5DC}.Debug|Any CPU.Build.0 = Debug|Any CPU
		{623F7AF7-9E5B-66BA-26D2-C023B262A5DC}.Release|Any CPU.ActiveCfg = Release|Any CPU
		{623F7AF7-9E5B-66BA-26D2-C023B262A5DC}.Release|Any CPU.Build.0 = Release|Any CPU
		{FFEE856E-FB69-36BF-BC5B-A13993A29875}.Debug|Any CPU.ActiveCfg = Debug|Any CPU
		{FFEE856E-FB69-36BF-BC5B-A13993A29875}.Debug|Any CPU.Build.0 = Debug|Any CPU
		{FFEE856E-FB69-36BF-BC5B-A13993A29875}.Release|Any CPU.ActiveCfg = Release|Any CPU
		{FFEE856E-FB69-36BF-BC5B-A13993A29875}.Release|Any CPU.Build.0 = Release|Any CPU
		{7395AE13-BCC2-8649-2E3F-A6A5B71BAD17}.Debug|Any CPU.ActiveCfg = Debug|Any CPU
		{7395AE13-BCC2-8649-2E3F-A6A5B71BAD17}.Debug|Any CPU.Build.0 = Debug|Any CPU
		{7395AE13-BCC2-8649-2E3F-A6A5B71BAD17}.Release|Any CPU.ActiveCfg = Release|Any CPU
		{7395AE13-BCC2-8649-2E3F-A6A5B71BAD17}.Release|Any CPU.Build.0 = Release|Any CPU
		{28629E6C-5C2C-844A-B952-A006C0CA389F}.Debug|Any CPU.ActiveCfg = Debug|Any CPU
		{28629E6C-5C2C-844A-B952-A006C0CA389F}.Debug|Any CPU.Build.0 = Debug|Any CPU
		{28629E6C-5C2C-844A-B952-A006C0CA389F}.Release|Any CPU.ActiveCfg = Release|Any CPU
		{28629E6C-5C2C-844A-B952-A006C0CA389F}.Release|Any CPU.Build.0 = Release|Any CPU
		{F458FD86-AEC4-A0CF-7B5D-EB342C74098C}.Debug|Any CPU.ActiveCfg = Debug|Any CPU
		{F458FD86-AEC4-A0CF-7B5D-EB342C74098C}.Debug|Any CPU.Build.0 = Debug|Any CPU
		{F458FD86-AEC4-A0CF-7B5D-EB342C74098C}.Release|Any CPU.ActiveCfg = Release|Any CPU
		{F458FD86-AEC4-A0CF-7B5D-EB342C74098C}.Release|Any CPU.Build.0 = Release|Any CPU
		{EF0C5789-8A1C-02A6-001E-092F52A4DE0A}.Debug|Any CPU.ActiveCfg = Debug|Any CPU
		{EF0C5789-8A1C-02A6-001E-092F52A4DE0A}.Debug|Any CPU.Build.0 = Debug|Any CPU
		{EF0C5789-8A1C-02A6-001E-092F52A4DE0A}.Release|Any CPU.ActiveCfg = Release|Any CPU
		{EF0C5789-8A1C-02A6-001E-092F52A4DE0A}.Release|Any CPU.Build.0 = Release|Any CPU
		{76CF8FA1-3AEA-64D3-8AA4-61B2E1F0DEC7}.Debug|Any CPU.ActiveCfg = Debug|Any CPU
		{76CF8FA1-3AEA-64D3-8AA4-61B2E1F0DEC7}.Debug|Any CPU.Build.0 = Debug|Any CPU
		{76CF8FA1-3AEA-64D3-8AA4-61B2E1F0DEC7}.Release|Any CPU.ActiveCfg = Release|Any CPU
		{76CF8FA1-3AEA-64D3-8AA4-61B2E1F0DEC7}.Release|Any CPU.Build.0 = Release|Any CPU
		{BF54E9AD-18CA-90D3-FF6B-F62CEC9F6922}.Debug|Any CPU.ActiveCfg = Debug|Any CPU
		{BF54E9AD-18CA-90D3-FF6B-F62CEC9F6922}.Debug|Any CPU.Build.0 = Debug|Any CPU
		{BF54E9AD-18CA-90D3-FF6B-F62CEC9F6922}.Release|Any CPU.ActiveCfg = Release|Any CPU
		{BF54E9AD-18CA-90D3-FF6B-F62CEC9F6922}.Release|Any CPU.Build.0 = Release|Any CPU
		{DC954778-98B0-356A-4A9F-80B398B71058}.Debug|Any CPU.ActiveCfg = Debug|Any CPU
		{DC954778-98B0-356A-4A9F-80B398B71058}.Debug|Any CPU.Build.0 = Debug|Any CPU
		{DC954778-98B0-356A-4A9F-80B398B71058}.Release|Any CPU.ActiveCfg = Release|Any CPU
		{DC954778-98B0-356A-4A9F-80B398B71058}.Release|Any CPU.Build.0 = Release|Any CPU
		{69BDAE08-D191-6846-091E-284E97D310AD}.Debug|Any CPU.ActiveCfg = Debug|Any CPU
		{69BDAE08-D191-6846-091E-284E97D310AD}.Debug|Any CPU.Build.0 = Debug|Any CPU
		{69BDAE08-D191-6846-091E-284E97D310AD}.Release|Any CPU.ActiveCfg = Release|Any CPU
		{69BDAE08-D191-6846-091E-284E97D310AD}.Release|Any CPU.Build.0 = Release|Any CPU
		{0BA8436A-21E8-535D-CCAE-3FE1BFCD49A8}.Debug|Any CPU.ActiveCfg = Debug|Any CPU
		{0BA8436A-21E8-535D-CCAE-3FE1BFCD49A8}.Debug|Any CPU.Build.0 = Debug|Any CPU
		{0BA8436A-21E8-535D-CCAE-3FE1BFCD49A8}.Release|Any CPU.ActiveCfg = Release|Any CPU
		{0BA8436A-21E8-535D-CCAE-3FE1BFCD49A8}.Release|Any CPU.Build.0 = Release|Any CPU
		{9578D867-0F99-8C5F-EF04-1C8F83D5540D}.Debug|Any CPU.ActiveCfg = Debug|Any CPU
		{9578D867-0F99-8C5F-EF04-1C8F83D5540D}.Debug|Any CPU.Build.0 = Debug|Any CPU
		{9578D867-0F99-8C5F-EF04-1C8F83D5540D}.Release|Any CPU.ActiveCfg = Release|Any CPU
		{9578D867-0F99-8C5F-EF04-1C8F83D5540D}.Release|Any CPU.Build.0 = Release|Any CPU
		{7B98A2C4-ECA2-3DDA-6A82-514DA9A727EA}.Debug|Any CPU.ActiveCfg = Debug|Any CPU
		{7B98A2C4-ECA2-3DDA-6A82-514DA9A727EA}.Debug|Any CPU.Build.0 = Debug|Any CPU
		{7B98A2C4-ECA2-3DDA-6A82-514DA9A727EA}.Release|Any CPU.ActiveCfg = Release|Any CPU
		{7B98A2C4-ECA2-3DDA-6A82-514DA9A727EA}.Release|Any CPU.Build.0 = Release|Any CPU
		{7454DAF1-0EA2-35C3-CB39-A915BCB0B5C9}.Debug|Any CPU.ActiveCfg = Debug|Any CPU
		{7454DAF1-0EA2-35C3-CB39-A915BCB0B5C9}.Debug|Any CPU.Build.0 = Debug|Any CPU
		{7454DAF1-0EA2-35C3-CB39-A915BCB0B5C9}.Release|Any CPU.ActiveCfg = Release|Any CPU
		{7454DAF1-0EA2-35C3-CB39-A915BCB0B5C9}.Release|Any CPU.Build.0 = Release|Any CPU
		{91BC3CE0-9637-EBB3-F03A-E30001280910}.Debug|Any CPU.ActiveCfg = Debug|Any CPU
		{91BC3CE0-9637-EBB3-F03A-E30001280910}.Debug|Any CPU.Build.0 = Debug|Any CPU
		{91BC3CE0-9637-EBB3-F03A-E30001280910}.Release|Any CPU.ActiveCfg = Release|Any CPU
		{91BC3CE0-9637-EBB3-F03A-E30001280910}.Release|Any CPU.Build.0 = Release|Any CPU
		{6F0BDD56-DCB1-50C6-D198-343D71CD11A4}.Debug|Any CPU.ActiveCfg = Debug|Any CPU
		{6F0BDD56-DCB1-50C6-D198-343D71CD11A4}.Debug|Any CPU.Build.0 = Debug|Any CPU
		{6F0BDD56-DCB1-50C6-D198-343D71CD11A4}.Release|Any CPU.ActiveCfg = Release|Any CPU
		{6F0BDD56-DCB1-50C6-D198-343D71CD11A4}.Release|Any CPU.Build.0 = Release|Any CPU
		{BCF37670-9BF4-9E5A-BA8E-58E98F56993C}.Debug|Any CPU.ActiveCfg = Debug|Any CPU
		{BCF37670-9BF4-9E5A-BA8E-58E98F56993C}.Debug|Any CPU.Build.0 = Debug|Any CPU
		{BCF37670-9BF4-9E5A-BA8E-58E98F56993C}.Release|Any CPU.ActiveCfg = Release|Any CPU
		{BCF37670-9BF4-9E5A-BA8E-58E98F56993C}.Release|Any CPU.Build.0 = Release|Any CPU
	EndGlobalSection
	GlobalSection(SolutionProperties) = preSolution
		HideSolutionNode = FALSE
	EndGlobalSection
EndGlobal
